
Microsoft Visual Studio Solution File, Format Version 12.00
# Visual Studio Version 17
VisualStudioVersion = 17.1.32421.90
MinimumVisualStudioVersion = 10.0.40219.1
Project("{FAE04EC0-301F-11D3-BF4B-00C04F79EFBC}") = "ClimateManagement", "ClimateManagement\ClimateManagement.csproj", "{BAF126A2-891C-4732-AD04-36B282821FB2}"
EndProject
Global
	GlobalSection(SolutionConfigurationPlatforms) = preSolution
		Debug|Any CPU = Debug|Any CPU
		Release|Any CPU = Release|Any CPU
	EndGlobalSection
	GlobalSection(ProjectConfigurationPlatforms) = postSolution
		{BAF126A2-891C-4732-AD04-36B282821FB2}.Debug|Any CPU.ActiveCfg = Debug|Any CPU
		{BAF126A2-891C-4732-AD04-36B282821FB2}.Debug|Any CPU.Build.0 = Debug|Any CPU
		{BAF126A2-891C-4732-AD04-36B282821FB2}.Release|Any CPU.ActiveCfg = Release|Any CPU
		{BAF126A2-891C-4732-AD04-36B282821FB2}.Release|Any CPU.Build.0 = Release|Any CPU
	EndGlobalSection
	GlobalSection(SolutionProperties) = preSolution
		HideSolutionNode = FALSE
	EndGlobalSection
	GlobalSection(ExtensibilityGlobals) = postSolution
		SolutionGuid = {46567F0F-F23E-447F-AC6C-B36A3231B926}
	EndGlobalSection
EndGlobal
